# THIS IS AN AUTOGENERATED FILE. DO NOT EDIT THIS FILE DIRECTLY.
# yarn lockfile v1


multi-part-lite@^1.0.0:
  version "1.0.0"
  resolved "https://registry.yarnpkg.com/multi-part-lite/-/multi-part-lite-1.0.0.tgz#7b86baf8ff83ef20ca13f1269a0f35aec42b9000"
  integrity sha512-KxIRbBZZ45hoKX1ROD/19wJr0ql1bef1rE8Y1PCwD3PuNXV42pp7Wo8lEHYuAajoT4vfAFcd3rPjlkyEEyt1nw==

node-fetch@^2.6.1:
  version "2.6.1"
  resolved "https://registry.yarnpkg.com/node-fetch/-/node-fetch-2.6.1.tgz#045bd323631f76ed2e2b55573394416b639a0052"
  integrity sha512-V4aYg89jEoVRxRb2fJdAg8FHvI7cEyYdVAh94HH0UIK8oJxUfkjlDQN9RbMx+bEjP7+ggMiFRprSti032Oipxw==

sweet-limiter@^2.0.0:
  version "2.0.0"
  resolved "https://registry.yarnpkg.com/sweet-limiter/-/sweet-limiter-2.0.0.tgz#3a7e328a10196f678e5074a28b2704429658b14c"
  integrity sha512-joqWfVuJPGceAyGzU32w16rLwvGJ0hyaJ4rqkZ0iYevxtcXKI5sIlzHzcwcOcJv/ne68tkXS1PpRHctn0RMNtQ==
